
Microsoft Visual Studio Solution File, Format Version 12.00
# Visual Studio Version 17
VisualStudioVersion = 17.6.33723.286
MinimumVisualStudioVersion = 10.0.40219.1
Project("{FAE04EC0-301F-11D3-BF4B-00C04F79EFBC}") = "Assignment-1", "Assignment-1\Assignment-1.csproj", "{14FAA1FA-325C-46ED-85EF-EC44169DB501}"
EndProject
Global
	GlobalSection(SolutionConfigurationPlatforms) = preSolution
		Debug|Any CPU = Debug|Any CPU
		Release|Any CPU = Release|Any CPU
	EndGlobalSection
	GlobalSection(ProjectConfigurationPlatforms) = postSolution
		{14FAA1FA-325C-46ED-85EF-EC44169DB501}.Debug|Any CPU.ActiveCfg = Debug|Any CPU
		{14FAA1FA-325C-46ED-85EF-EC44169DB501}.Debug|Any CPU.Build.0 = Debug|Any CPU
		{14FAA1FA-325C-46ED-85EF-EC44169DB501}.Release|Any CPU.ActiveCfg = Release|Any CPU
		{14FAA1FA-325C-46ED-85EF-EC44169DB501}.Release|Any CPU.Build.0 = Release|Any CPU
	EndGlobalSection
	GlobalSection(SolutionProperties) = preSolution
		HideSolutionNode = FALSE
	EndGlobalSection
	GlobalSection(ExtensibilityGlobals) = postSolution
		SolutionGuid = {314062B2-3763-4388-94AB-4B430B96D819}
	EndGlobalSection
EndGlobal
