
Microsoft Visual Studio Solution File, Format Version 12.00
# Visual Studio Version 17
VisualStudioVersion = 17.6.33723.286
MinimumVisualStudioVersion = 10.0.40219.1
Project("{FAE04EC0-301F-11D3-BF4B-00C04F79EFBC}") = "Assignment-2", "Assignment-2\Assignment-2.csproj", "{36CE4BE3-9891-48F9-935C-261AA6974CBF}"
EndProject
Global
	GlobalSection(SolutionConfigurationPlatforms) = preSolution
		Debug|Any CPU = Debug|Any CPU
		Release|Any CPU = Release|Any CPU
	EndGlobalSection
	GlobalSection(ProjectConfigurationPlatforms) = postSolution
		{36CE4BE3-9891-48F9-935C-261AA6974CBF}.Debug|Any CPU.ActiveCfg = Debug|Any CPU
		{36CE4BE3-9891-48F9-935C-261AA6974CBF}.Debug|Any CPU.Build.0 = Debug|Any CPU
		{36CE4BE3-9891-48F9-935C-261AA6974CBF}.Release|Any CPU.ActiveCfg = Release|Any CPU
		{36CE4BE3-9891-48F9-935C-261AA6974CBF}.Release|Any CPU.Build.0 = Release|Any CPU
	EndGlobalSection
	GlobalSection(SolutionProperties) = preSolution
		HideSolutionNode = FALSE
	EndGlobalSection
	GlobalSection(ExtensibilityGlobals) = postSolution
		SolutionGuid = {22E477E1-F82A-4373-86E1-14764E760F6F}
	EndGlobalSection
EndGlobal
